
Microsoft Visual Studio Solution File, Format Version 12.00
# Visual Studio Version 17
VisualStudioVersion = 17.8.34511.84
MinimumVisualStudioVersion = 10.0.40219.1
Project("{9A19103F-16F7-4668-BE54-9A1E7A4F7556}") = "Scm.Api", "Scm.Api\Scm.Api.csproj", "{F9E0B2AF-FCB1-4CC7-B719-FFD04691065A}"
EndProject
Project("{9A19103F-16F7-4668-BE54-9A1E7A4F7556}") = "Samples", "Samples\Samples.csproj", "{E1D8166B-A1A3-431C-A7FE-94074FA7ABAA}"
EndProject
Project("{9A19103F-16F7-4668-BE54-9A1E7A4F7556}") = "Samples.Common", "Samples.Common\Samples.Common.csproj", "{84085257-9514-4C1F-B5AD-A59868A05038}"
EndProject
Project("{9A19103F-16F7-4668-BE54-9A1E7A4F7556}") = "Samples.Common.Dto", "Samples.Common.Dto\Samples.Common.Dto.csproj", "{08C2DA30-3F67-45E0-A49B-267D99367681}"
EndProject
Project("{9A19103F-16F7-4668-BE54-9A1E7A4F7556}") = "Samples.Server", "Samples.Server\Samples.Server.csproj", "{4A5ACC13-9488-4291-8A39-BB17F0545AD5}"
EndProject
Project("{9A19103F-16F7-4668-BE54-9A1E7A4F7556}") = "Samples.Server.Dao", "Samples.Server.Dao\Samples.Server.Dao.csproj", "{5804E0FD-431D-4C32-BFFB-894D2B301C58}"
EndProject
Project("{2150E333-8FDC-42A3-9474-1A3956D46DE8}") = "Samples", "Samples", "{0E10ACE0-BEE6-4F50-9B36-933CB36C95A1}"
EndProject
Project("{9A19103F-16F7-4668-BE54-9A1E7A4F7556}") = "Test", "Test\Test.csproj", "{CFA46208-A287-4C9E-9BB5-3B76553A8327}"
EndProject
Project("{2150E333-8FDC-42A3-9474-1A3956D46DE8}") = "Scm.App", "Scm.App", "{D10E40B2-6417-42B5-9DD7-C4062F01278B}"
EndProject
Project("{2150E333-8FDC-42A3-9474-1A3956D46DE8}") = "Test", "Test", "{95260B21-B821-401E-BE39-DC020B8B1E61}"
EndProject
Global
	GlobalSection(SolutionConfigurationPlatforms) = preSolution
		Debug|Any CPU = Debug|Any CPU
		Release|Any CPU = Release|Any CPU
	EndGlobalSection
	GlobalSection(ProjectConfigurationPlatforms) = postSolution
		{F9E0B2AF-FCB1-4CC7-B719-FFD04691065A}.Debug|Any CPU.ActiveCfg = Debug|Any CPU
		{F9E0B2AF-FCB1-4CC7-B719-FFD04691065A}.Debug|Any CPU.Build.0 = Debug|Any CPU
		{F9E0B2AF-FCB1-4CC7-B719-FFD04691065A}.Release|Any CPU.ActiveCfg = Release|Any CPU
		{F9E0B2AF-FCB1-4CC7-B719-FFD04691065A}.Release|Any CPU.Build.0 = Release|Any CPU
		{E1D8166B-A1A3-431C-A7FE-94074FA7ABAA}.Debug|Any CPU.ActiveCfg = Debug|Any CPU
		{E1D8166B-A1A3-431C-A7FE-94074FA7ABAA}.Debug|Any CPU.Build.0 = Debug|Any CPU
		{E1D8166B-A1A3-431C-A7FE-94074FA7ABAA}.Release|Any CPU.ActiveCfg = Release|Any CPU
		{E1D8166B-A1A3-431C-A7FE-94074FA7ABAA}.Release|Any CPU.Build.0 = Release|Any CPU
		{84085257-9514-4C1F-B5AD-A59868A05038}.Debug|Any CPU.ActiveCfg = Debug|Any CPU
		{84085257-9514-4C1F-B5AD-A59868A05038}.Debug|Any CPU.Build.0 = Debug|Any CPU
		{84085257-9514-4C1F-B5AD-A59868A05038}.Release|Any CPU.ActiveCfg = Release|Any CPU
		{84085257-9514-4C1F-B5AD-A59868A05038}.Release|Any CPU.Build.0 = Release|Any CPU
		{08C2DA30-3F67-45E0-A49B-267D99367681}.Debug|Any CPU.ActiveCfg = Debug|Any CPU
		{08C2DA30-3F67-45E0-A49B-267D99367681}.Debug|Any CPU.Build.0 = Debug|Any CPU
		{08C2DA30-3F67-45E0-A49B-267D99367681}.Release|Any CPU.ActiveCfg = Release|Any CPU
		{08C2DA30-3F67-45E0-A49B-267D99367681}.Release|Any CPU.Build.0 = Release|Any CPU
		{4A5ACC13-9488-4291-8A39-BB17F0545AD5}.Debug|Any CPU.ActiveCfg = Debug|Any CPU
		{4A5ACC13-9488-4291-8A39-BB17F0545AD5}.Debug|Any CPU.Build.0 = Debug|Any CPU
		{4A5ACC13-9488-4291-8A39-BB17F0545AD5}.Release|Any CPU.ActiveCfg = Release|Any CPU
		{4A5ACC13-9488-4291-8A39-BB17F0545AD5}.Release|Any CPU.Build.0 = Release|Any CPU
		{5804E0FD-431D-4C32-BFFB-894D2B301C58}.Debug|Any CPU.ActiveCfg = Debug|Any CPU
		{5804E0FD-431D-4C32-BFFB-894D2B301C58}.Debug|Any CPU.Build.0 = Debug|Any CPU
		{5804E0FD-431D-4C32-BFFB-894D2B301C58}.Release|Any CPU.ActiveCfg = Release|Any CPU
		{5804E0FD-431D-4C32-BFFB-894D2B301C58}.Release|Any CPU.Build.0 = Release|Any CPU
		{CFA46208-A287-4C9E-9BB5-3B76553A8327}.Debug|Any CPU.ActiveCfg = Debug|Any CPU
		{CFA46208-A287-4C9E-9BB5-3B76553A8327}.Debug|Any CPU.Build.0 = Debug|Any CPU
		{CFA46208-A287-4C9E-9BB5-3B76553A8327}.Release|Any CPU.ActiveCfg = Release|Any CPU
		{CFA46208-A287-4C9E-9BB5-3B76553A8327}.Release|Any CPU.Build.0 = Release|Any CPU
	EndGlobalSection
	GlobalSection(SolutionProperties) = preSolution
		HideSolutionNode = FALSE
	EndGlobalSection
	GlobalSection(NestedProjects) = preSolution
		{F9E0B2AF-FCB1-4CC7-B719-FFD04691065A} = {D10E40B2-6417-42B5-9DD7-C4062F01278B}
		{E1D8166B-A1A3-431C-A7FE-94074FA7ABAA} = {0E10ACE0-BEE6-4F50-9B36-933CB36C95A1}
		{84085257-9514-4C1F-B5AD-A59868A05038} = {0E10ACE0-BEE6-4F50-9B36-933CB36C95A1}
		{08C2DA30-3F67-45E0-A49B-267D99367681} = {0E10ACE0-BEE6-4F50-9B36-933CB36C95A1}
		{4A5ACC13-9488-4291-8A39-BB17F0545AD5} = {0E10ACE0-BEE6-4F50-9B36-933CB36C95A1}
		{5804E0FD-431D-4C32-BFFB-894D2B301C58} = {0E10ACE0-BEE6-4F50-9B36-933CB36C95A1}
		{CFA46208-A287-4C9E-9BB5-3B76553A8327} = {95260B21-B821-401E-BE39-DC020B8B1E61}
	EndGlobalSection
	GlobalSection(ExtensibilityGlobals) = postSolution
		SolutionGuid = {B3BA898C-148A-44CA-A985-910A77135E18}
	EndGlobalSection
EndGlobal
