
Microsoft Visual Studio Solution File, Format Version 12.00
# Visual Studio Version 17
VisualStudioVersion = 17.8.34511.84
MinimumVisualStudioVersion = 10.0.40219.1
Project("{9A19103F-16F7-4668-BE54-9A1E7A4F7556}") = "Scm.Api", "Scm.Api\Scm.Api.csproj", "{F9E0B2AF-FCB1-4CC7-B719-FFD04691065A}"
EndProject
Project("{9A19103F-16F7-4668-BE54-9A1E7A4F7556}") = "Cms.Common", "Cms.Common\Cms.Common.csproj", "{478285B6-060A-4D03-B58A-4C0E84ACCFD3}"
EndProject
Project("{9A19103F-16F7-4668-BE54-9A1E7A4F7556}") = "Cms.Dao", "Cms.Dao\Cms.Dao.csproj", "{C02C720D-D441-4515-987F-9D753458D22D}"
EndProject
Project("{9A19103F-16F7-4668-BE54-9A1E7A4F7556}") = "Cms.Dto", "Cms.Dto\Cms.Dto.csproj", "{998593EA-ED5C-494D-8292-3FD2A458C33C}"
EndProject
Project("{9A19103F-16F7-4668-BE54-9A1E7A4F7556}") = "Cms.Server", "Cms.Server\Cms.Server.csproj", "{01A55ED0-723A-49F8-A2E6-41ACE4F674EA}"
EndProject
Project("{9A19103F-16F7-4668-BE54-9A1E7A4F7556}") = "Fms.Common", "Fms.Common\Fms.Common.csproj", "{B547DFAA-4ECD-4597-8DE8-0AC323E0BDAC}"
EndProject
Project("{9A19103F-16F7-4668-BE54-9A1E7A4F7556}") = "Fms.Dao", "Fms.Dao\Fms.Dao.csproj", "{8525FD29-E14A-4A9D-BE5B-0003C0612988}"
EndProject
Project("{9A19103F-16F7-4668-BE54-9A1E7A4F7556}") = "Fms.Dto", "Fms.Dto\Fms.Dto.csproj", "{FA3C1C7C-42F0-4700-B35D-61E86496A520}"
EndProject
Project("{9A19103F-16F7-4668-BE54-9A1E7A4F7556}") = "Fms.Server", "Fms.Server\Fms.Server.csproj", "{CF8CD8D0-F395-45C1-BA29-4D5CD54BF119}"
EndProject
Project("{9A19103F-16F7-4668-BE54-9A1E7A4F7556}") = "Samples", "Samples\Samples.csproj", "{E1D8166B-A1A3-431C-A7FE-94074FA7ABAA}"
EndProject
Project("{9A19103F-16F7-4668-BE54-9A1E7A4F7556}") = "Samples.Common", "Samples.Common\Samples.Common.csproj", "{84085257-9514-4C1F-B5AD-A59868A05038}"
EndProject
Project("{9A19103F-16F7-4668-BE54-9A1E7A4F7556}") = "Samples.Common.Dto", "Samples.Common.Dto\Samples.Common.Dto.csproj", "{08C2DA30-3F67-45E0-A49B-267D99367681}"
EndProject
Project("{9A19103F-16F7-4668-BE54-9A1E7A4F7556}") = "Samples.Server", "Samples.Server\Samples.Server.csproj", "{4A5ACC13-9488-4291-8A39-BB17F0545AD5}"
EndProject
Project("{9A19103F-16F7-4668-BE54-9A1E7A4F7556}") = "Samples.Server.Dao", "Samples.Server.Dao\Samples.Server.Dao.csproj", "{5804E0FD-431D-4C32-BFFB-894D2B301C58}"
EndProject
Project("{9A19103F-16F7-4668-BE54-9A1E7A4F7556}") = "Yms.Common", "Yms.Common\Yms.Common.csproj", "{1A1A54BD-4C33-4B0D-8773-36D76C88924B}"
EndProject
Project("{9A19103F-16F7-4668-BE54-9A1E7A4F7556}") = "Yms.Dao", "Yms.Dao\Yms.Dao.csproj", "{C39F1D32-5E6A-4D8D-B264-21C00027FD04}"
EndProject
Project("{9A19103F-16F7-4668-BE54-9A1E7A4F7556}") = "Yms.Dto", "Yms.Dto\Yms.Dto.csproj", "{DAF127C1-6FE6-4153-ABBB-8F08838A6CBA}"
EndProject
Project("{9A19103F-16F7-4668-BE54-9A1E7A4F7556}") = "Yms.Server", "Yms.Server\Yms.Server.csproj", "{77245DB9-5526-40C1-B754-25486CF395AA}"
EndProject
Project("{2150E333-8FDC-42A3-9474-1A3956D46DE8}") = "Samples", "Samples", "{0E10ACE0-BEE6-4F50-9B36-933CB36C95A1}"
EndProject
Project("{2150E333-8FDC-42A3-9474-1A3956D46DE8}") = "Scm.Cms", "Scm.Cms", "{7E16325E-D056-4171-BD36-AE47C5FC814B}"
EndProject
Project("{2150E333-8FDC-42A3-9474-1A3956D46DE8}") = "Scm.Fms", "Scm.Fms", "{097203C0-7E6B-45B3-9E1D-91538FDC19D3}"
EndProject
Project("{2150E333-8FDC-42A3-9474-1A3956D46DE8}") = "Scm.Yms", "Scm.Yms", "{F28BF173-26C5-43D8-8C8C-E581C586A010}"
EndProject
Project("{9A19103F-16F7-4668-BE54-9A1E7A4F7556}") = "Test", "Test\Test.csproj", "{CFA46208-A287-4C9E-9BB5-3B76553A8327}"
EndProject
Project("{2150E333-8FDC-42A3-9474-1A3956D46DE8}") = "Scm.App", "Scm.App", "{D10E40B2-6417-42B5-9DD7-C4062F01278B}"
EndProject
Project("{2150E333-8FDC-42A3-9474-1A3956D46DE8}") = "Test", "Test", "{95260B21-B821-401E-BE39-DC020B8B1E61}"
EndProject
Project("{2150E333-8FDC-42A3-9474-1A3956D46DE8}") = "Scm.Pos", "Scm.Pos", "{DC0FF23D-F1D7-4B23-8AEA-30C29A92CE4A}"
EndProject
Project("{FAE04EC0-301F-11D3-BF4B-00C04F79EFBC}") = "Pos", "Pos\Pos.csproj", "{751BDCD9-9C4C-46EA-906A-0ADC1EB68023}"
EndProject
Global
	GlobalSection(SolutionConfigurationPlatforms) = preSolution
		Debug|Any CPU = Debug|Any CPU
		Release|Any CPU = Release|Any CPU
	EndGlobalSection
	GlobalSection(ProjectConfigurationPlatforms) = postSolution
		{F9E0B2AF-FCB1-4CC7-B719-FFD04691065A}.Debug|Any CPU.ActiveCfg = Debug|Any CPU
		{F9E0B2AF-FCB1-4CC7-B719-FFD04691065A}.Debug|Any CPU.Build.0 = Debug|Any CPU
		{F9E0B2AF-FCB1-4CC7-B719-FFD04691065A}.Release|Any CPU.ActiveCfg = Release|Any CPU
		{F9E0B2AF-FCB1-4CC7-B719-FFD04691065A}.Release|Any CPU.Build.0 = Release|Any CPU
		{478285B6-060A-4D03-B58A-4C0E84ACCFD3}.Debug|Any CPU.ActiveCfg = Debug|Any CPU
		{478285B6-060A-4D03-B58A-4C0E84ACCFD3}.Debug|Any CPU.Build.0 = Debug|Any CPU
		{478285B6-060A-4D03-B58A-4C0E84ACCFD3}.Release|Any CPU.ActiveCfg = Release|Any CPU
		{478285B6-060A-4D03-B58A-4C0E84ACCFD3}.Release|Any CPU.Build.0 = Release|Any CPU
		{C02C720D-D441-4515-987F-9D753458D22D}.Debug|Any CPU.ActiveCfg = Debug|Any CPU
		{C02C720D-D441-4515-987F-9D753458D22D}.Debug|Any CPU.Build.0 = Debug|Any CPU
		{C02C720D-D441-4515-987F-9D753458D22D}.Release|Any CPU.ActiveCfg = Release|Any CPU
		{C02C720D-D441-4515-987F-9D753458D22D}.Release|Any CPU.Build.0 = Release|Any CPU
		{998593EA-ED5C-494D-8292-3FD2A458C33C}.Debug|Any CPU.ActiveCfg = Debug|Any CPU
		{998593EA-ED5C-494D-8292-3FD2A458C33C}.Debug|Any CPU.Build.0 = Debug|Any CPU
		{998593EA-ED5C-494D-8292-3FD2A458C33C}.Release|Any CPU.ActiveCfg = Release|Any CPU
		{998593EA-ED5C-494D-8292-3FD2A458C33C}.Release|Any CPU.Build.0 = Release|Any CPU
		{01A55ED0-723A-49F8-A2E6-41ACE4F674EA}.Debug|Any CPU.ActiveCfg = Debug|Any CPU
		{01A55ED0-723A-49F8-A2E6-41ACE4F674EA}.Debug|Any CPU.Build.0 = Debug|Any CPU
		{01A55ED0-723A-49F8-A2E6-41ACE4F674EA}.Release|Any CPU.ActiveCfg = Release|Any CPU
		{01A55ED0-723A-49F8-A2E6-41ACE4F674EA}.Release|Any CPU.Build.0 = Release|Any CPU
		{B547DFAA-4ECD-4597-8DE8-0AC323E0BDAC}.Debug|Any CPU.ActiveCfg = Debug|Any CPU
		{B547DFAA-4ECD-4597-8DE8-0AC323E0BDAC}.Debug|Any CPU.Build.0 = Debug|Any CPU
		{B547DFAA-4ECD-4597-8DE8-0AC323E0BDAC}.Release|Any CPU.ActiveCfg = Release|Any CPU
		{B547DFAA-4ECD-4597-8DE8-0AC323E0BDAC}.Release|Any CPU.Build.0 = Release|Any CPU
		{8525FD29-E14A-4A9D-BE5B-0003C0612988}.Debug|Any CPU.ActiveCfg = Debug|Any CPU
		{8525FD29-E14A-4A9D-BE5B-0003C0612988}.Debug|Any CPU.Build.0 = Debug|Any CPU
		{8525FD29-E14A-4A9D-BE5B-0003C0612988}.Release|Any CPU.ActiveCfg = Release|Any CPU
		{8525FD29-E14A-4A9D-BE5B-0003C0612988}.Release|Any CPU.Build.0 = Release|Any CPU
		{FA3C1C7C-42F0-4700-B35D-61E86496A520}.Debug|Any CPU.ActiveCfg = Debug|Any CPU
		{FA3C1C7C-42F0-4700-B35D-61E86496A520}.Debug|Any CPU.Build.0 = Debug|Any CPU
		{FA3C1C7C-42F0-4700-B35D-61E86496A520}.Release|Any CPU.ActiveCfg = Release|Any CPU
		{FA3C1C7C-42F0-4700-B35D-61E86496A520}.Release|Any CPU.Build.0 = Release|Any CPU
		{CF8CD8D0-F395-45C1-BA29-4D5CD54BF119}.Debug|Any CPU.ActiveCfg = Debug|Any CPU
		{CF8CD8D0-F395-45C1-BA29-4D5CD54BF119}.Debug|Any CPU.Build.0 = Debug|Any CPU
		{CF8CD8D0-F395-45C1-BA29-4D5CD54BF119}.Release|Any CPU.ActiveCfg = Release|Any CPU
		{CF8CD8D0-F395-45C1-BA29-4D5CD54BF119}.Release|Any CPU.Build.0 = Release|Any CPU
		{E1D8166B-A1A3-431C-A7FE-94074FA7ABAA}.Debug|Any CPU.ActiveCfg = Debug|Any CPU
		{E1D8166B-A1A3-431C-A7FE-94074FA7ABAA}.Debug|Any CPU.Build.0 = Debug|Any CPU
		{E1D8166B-A1A3-431C-A7FE-94074FA7ABAA}.Release|Any CPU.ActiveCfg = Release|Any CPU
		{E1D8166B-A1A3-431C-A7FE-94074FA7ABAA}.Release|Any CPU.Build.0 = Release|Any CPU
		{84085257-9514-4C1F-B5AD-A59868A05038}.Debug|Any CPU.ActiveCfg = Debug|Any CPU
		{84085257-9514-4C1F-B5AD-A59868A05038}.Debug|Any CPU.Build.0 = Debug|Any CPU
		{84085257-9514-4C1F-B5AD-A59868A05038}.Release|Any CPU.ActiveCfg = Release|Any CPU
		{84085257-9514-4C1F-B5AD-A59868A05038}.Release|Any CPU.Build.0 = Release|Any CPU
		{08C2DA30-3F67-45E0-A49B-267D99367681}.Debug|Any CPU.ActiveCfg = Debug|Any CPU
		{08C2DA30-3F67-45E0-A49B-267D99367681}.Debug|Any CPU.Build.0 = Debug|Any CPU
		{08C2DA30-3F67-45E0-A49B-267D99367681}.Release|Any CPU.ActiveCfg = Release|Any CPU
		{08C2DA30-3F67-45E0-A49B-267D99367681}.Release|Any CPU.Build.0 = Release|Any CPU
		{4A5ACC13-9488-4291-8A39-BB17F0545AD5}.Debug|Any CPU.ActiveCfg = Debug|Any CPU
		{4A5ACC13-9488-4291-8A39-BB17F0545AD5}.Debug|Any CPU.Build.0 = Debug|Any CPU
		{4A5ACC13-9488-4291-8A39-BB17F0545AD5}.Release|Any CPU.ActiveCfg = Release|Any CPU
		{4A5ACC13-9488-4291-8A39-BB17F0545AD5}.Release|Any CPU.Build.0 = Release|Any CPU
		{5804E0FD-431D-4C32-BFFB-894D2B301C58}.Debug|Any CPU.ActiveCfg = Debug|Any CPU
		{5804E0FD-431D-4C32-BFFB-894D2B301C58}.Debug|Any CPU.Build.0 = Debug|Any CPU
		{5804E0FD-431D-4C32-BFFB-894D2B301C58}.Release|Any CPU.ActiveCfg = Release|Any CPU
		{5804E0FD-431D-4C32-BFFB-894D2B301C58}.Release|Any CPU.Build.0 = Release|Any CPU
		{1A1A54BD-4C33-4B0D-8773-36D76C88924B}.Debug|Any CPU.ActiveCfg = Debug|Any CPU
		{1A1A54BD-4C33-4B0D-8773-36D76C88924B}.Debug|Any CPU.Build.0 = Debug|Any CPU
		{1A1A54BD-4C33-4B0D-8773-36D76C88924B}.Release|Any CPU.ActiveCfg = Release|Any CPU
		{1A1A54BD-4C33-4B0D-8773-36D76C88924B}.Release|Any CPU.Build.0 = Release|Any CPU
		{C39F1D32-5E6A-4D8D-B264-21C00027FD04}.Debug|Any CPU.ActiveCfg = Debug|Any CPU
		{C39F1D32-5E6A-4D8D-B264-21C00027FD04}.Debug|Any CPU.Build.0 = Debug|Any CPU
		{C39F1D32-5E6A-4D8D-B264-21C00027FD04}.Release|Any CPU.ActiveCfg = Release|Any CPU
		{C39F1D32-5E6A-4D8D-B264-21C00027FD04}.Release|Any CPU.Build.0 = Release|Any CPU
		{DAF127C1-6FE6-4153-ABBB-8F08838A6CBA}.Debug|Any CPU.ActiveCfg = Debug|Any CPU
		{DAF127C1-6FE6-4153-ABBB-8F08838A6CBA}.Debug|Any CPU.Build.0 = Debug|Any CPU
		{DAF127C1-6FE6-4153-ABBB-8F08838A6CBA}.Release|Any CPU.ActiveCfg = Release|Any CPU
		{DAF127C1-6FE6-4153-ABBB-8F08838A6CBA}.Release|Any CPU.Build.0 = Release|Any CPU
		{77245DB9-5526-40C1-B754-25486CF395AA}.Debug|Any CPU.ActiveCfg = Debug|Any CPU
		{77245DB9-5526-40C1-B754-25486CF395AA}.Debug|Any CPU.Build.0 = Debug|Any CPU
		{77245DB9-5526-40C1-B754-25486CF395AA}.Release|Any CPU.ActiveCfg = Release|Any CPU
		{77245DB9-5526-40C1-B754-25486CF395AA}.Release|Any CPU.Build.0 = Release|Any CPU
		{CFA46208-A287-4C9E-9BB5-3B76553A8327}.Debug|Any CPU.ActiveCfg = Debug|Any CPU
		{CFA46208-A287-4C9E-9BB5-3B76553A8327}.Debug|Any CPU.Build.0 = Debug|Any CPU
		{CFA46208-A287-4C9E-9BB5-3B76553A8327}.Release|Any CPU.ActiveCfg = Release|Any CPU
		{CFA46208-A287-4C9E-9BB5-3B76553A8327}.Release|Any CPU.Build.0 = Release|Any CPU
		{751BDCD9-9C4C-46EA-906A-0ADC1EB68023}.Debug|Any CPU.ActiveCfg = Debug|Any CPU
		{751BDCD9-9C4C-46EA-906A-0ADC1EB68023}.Debug|Any CPU.Build.0 = Debug|Any CPU
		{751BDCD9-9C4C-46EA-906A-0ADC1EB68023}.Release|Any CPU.ActiveCfg = Release|Any CPU
		{751BDCD9-9C4C-46EA-906A-0ADC1EB68023}.Release|Any CPU.Build.0 = Release|Any CPU
	EndGlobalSection
	GlobalSection(SolutionProperties) = preSolution
		HideSolutionNode = FALSE
	EndGlobalSection
	GlobalSection(NestedProjects) = preSolution
		{F9E0B2AF-FCB1-4CC7-B719-FFD04691065A} = {D10E40B2-6417-42B5-9DD7-C4062F01278B}
		{478285B6-060A-4D03-B58A-4C0E84ACCFD3} = {7E16325E-D056-4171-BD36-AE47C5FC814B}
		{C02C720D-D441-4515-987F-9D753458D22D} = {7E16325E-D056-4171-BD36-AE47C5FC814B}
		{998593EA-ED5C-494D-8292-3FD2A458C33C} = {7E16325E-D056-4171-BD36-AE47C5FC814B}
		{01A55ED0-723A-49F8-A2E6-41ACE4F674EA} = {7E16325E-D056-4171-BD36-AE47C5FC814B}
		{B547DFAA-4ECD-4597-8DE8-0AC323E0BDAC} = {097203C0-7E6B-45B3-9E1D-91538FDC19D3}
		{8525FD29-E14A-4A9D-BE5B-0003C0612988} = {097203C0-7E6B-45B3-9E1D-91538FDC19D3}
		{FA3C1C7C-42F0-4700-B35D-61E86496A520} = {097203C0-7E6B-45B3-9E1D-91538FDC19D3}
		{CF8CD8D0-F395-45C1-BA29-4D5CD54BF119} = {097203C0-7E6B-45B3-9E1D-91538FDC19D3}
		{E1D8166B-A1A3-431C-A7FE-94074FA7ABAA} = {0E10ACE0-BEE6-4F50-9B36-933CB36C95A1}
		{84085257-9514-4C1F-B5AD-A59868A05038} = {0E10ACE0-BEE6-4F50-9B36-933CB36C95A1}
		{08C2DA30-3F67-45E0-A49B-267D99367681} = {0E10ACE0-BEE6-4F50-9B36-933CB36C95A1}
		{4A5ACC13-9488-4291-8A39-BB17F0545AD5} = {0E10ACE0-BEE6-4F50-9B36-933CB36C95A1}
		{5804E0FD-431D-4C32-BFFB-894D2B301C58} = {0E10ACE0-BEE6-4F50-9B36-933CB36C95A1}
		{1A1A54BD-4C33-4B0D-8773-36D76C88924B} = {F28BF173-26C5-43D8-8C8C-E581C586A010}
		{C39F1D32-5E6A-4D8D-B264-21C00027FD04} = {F28BF173-26C5-43D8-8C8C-E581C586A010}
		{DAF127C1-6FE6-4153-ABBB-8F08838A6CBA} = {F28BF173-26C5-43D8-8C8C-E581C586A010}
		{77245DB9-5526-40C1-B754-25486CF395AA} = {F28BF173-26C5-43D8-8C8C-E581C586A010}
		{CFA46208-A287-4C9E-9BB5-3B76553A8327} = {95260B21-B821-401E-BE39-DC020B8B1E61}
		{751BDCD9-9C4C-46EA-906A-0ADC1EB68023} = {DC0FF23D-F1D7-4B23-8AEA-30C29A92CE4A}
	EndGlobalSection
	GlobalSection(ExtensibilityGlobals) = postSolution
		SolutionGuid = {B3BA898C-148A-44CA-A985-910A77135E18}
	EndGlobalSection
EndGlobal
